
Microsoft Visual Studio Solution File, Format Version 12.00
# Visual Studio Version 17
VisualStudioVersion = 17.12.35707.178
MinimumVisualStudioVersion = 10.0.40219.1
Project("{FAE04EC0-301F-11D3-BF4B-00C04F79EFBC}") = "AULA HUMBERTO 03-09", "AULA HUMBERTO 03-09\AULA HUMBERTO 03-09.csproj", "{DA6CA5C1-E8E6-4CD4-9B34-100E01BFE712}"
EndProject
Project("{FAE04EC0-301F-11D3-BF4B-00C04F79EFBC}") = "NUMERO5", "NUMERO5\NUMERO5.csproj", "{4F4E7AF7-D2CE-4648-9FFB-B85367A2828C}"
EndProject
Global
	GlobalSection(SolutionConfigurationPlatforms) = preSolution
		Debug|Any CPU = Debug|Any CPU
		Release|Any CPU = Release|Any CPU
	EndGlobalSection
	GlobalSection(ProjectConfigurationPlatforms) = postSolution
		{DA6CA5C1-E8E6-4CD4-9B34-100E01BFE712}.Debug|Any CPU.ActiveCfg = Debug|Any CPU
		{DA6CA5C1-E8E6-4CD4-9B34-100E01BFE712}.Debug|Any CPU.Build.0 = Debug|Any CPU
		{DA6CA5C1-E8E6-4CD4-9B34-100E01BFE712}.Release|Any CPU.ActiveCfg = Release|Any CPU
		{DA6CA5C1-E8E6-4CD4-9B34-100E01BFE712}.Release|Any CPU.Build.0 = Release|Any CPU
		{4F4E7AF7-D2CE-4648-9FFB-B85367A2828C}.Debug|Any CPU.ActiveCfg = Debug|Any CPU
		{4F4E7AF7-D2CE-4648-9FFB-B85367A2828C}.Debug|Any CPU.Build.0 = Debug|Any CPU
		{4F4E7AF7-D2CE-4648-9FFB-B85367A2828C}.Release|Any CPU.ActiveCfg = Release|Any CPU
		{4F4E7AF7-D2CE-4648-9FFB-B85367A2828C}.Release|Any CPU.Build.0 = Release|Any CPU
	EndGlobalSection
	GlobalSection(SolutionProperties) = preSolution
		HideSolutionNode = FALSE
	EndGlobalSection
EndGlobal
